
Microsoft Visual Studio Solution File, Format Version 12.00
# Visual Studio 14
VisualStudioVersion = 14.0.25420.1
MinimumVisualStudioVersion = 10.0.40219.1
Project("{FAE04EC0-301F-11D3-BF4B-00C04F79EFBC}") = "DependencyInjection.Web", "DependencyInjection.Web\DependencyInjection.Web.csproj", "{67A6B288-D996-4CD0-8920-2154417D5185}"
EndProject
Project("{FAE04EC0-301F-11D3-BF4B-00C04F79EFBC}") = "DependencyInjection", "DependencyInjection\DependencyInjection.csproj", "{0C1F51F8-5A28-4C87-A4CD-DF93DED4F1C8}"
EndProject
Project("{FAE04EC0-301F-11D3-BF4B-00C04F79EFBC}") = "DependencyInjection.Tests", "DependencyInjection.Tests\DependencyInjection.Tests.csproj", "{BBACD50B-4A50-4188-BEE8-304A723030BE}"
EndProject
Global
	GlobalSection(SolutionConfigurationPlatforms) = preSolution
		Debug|Any CPU = Debug|Any CPU
		Release|Any CPU = Release|Any CPU
	EndGlobalSection
	GlobalSection(ProjectConfigurationPlatforms) = postSolution
		{67A6B288-D996-4CD0-8920-2154417D5185}.Debug|Any CPU.ActiveCfg = Debug|Any CPU
		{67A6B288-D996-4CD0-8920-2154417D5185}.Debug|Any CPU.Build.0 = Debug|Any CPU
		{67A6B288-D996-4CD0-8920-2154417D5185}.Release|Any CPU.ActiveCfg = Release|Any CPU
		{67A6B288-D996-4CD0-8920-2154417D5185}.Release|Any CPU.Build.0 = Release|Any CPU
		{0C1F51F8-5A28-4C87-A4CD-DF93DED4F1C8}.Debug|Any CPU.ActiveCfg = Debug|Any CPU
		{0C1F51F8-5A28-4C87-A4CD-DF93DED4F1C8}.Debug|Any CPU.Build.0 = Debug|Any CPU
		{0C1F51F8-5A28-4C87-A4CD-DF93DED4F1C8}.Release|Any CPU.ActiveCfg = Release|Any CPU
		{0C1F51F8-5A28-4C87-A4CD-DF93DED4F1C8}.Release|Any CPU.Build.0 = Release|Any CPU
		{BBACD50B-4A50-4188-BEE8-304A723030BE}.Debug|Any CPU.ActiveCfg = Debug|Any CPU
		{BBACD50B-4A50-4188-BEE8-304A723030BE}.Debug|Any CPU.Build.0 = Debug|Any CPU
		{BBACD50B-4A50-4188-BEE8-304A723030BE}.Release|Any CPU.ActiveCfg = Release|Any CPU
		{BBACD50B-4A50-4188-BEE8-304A723030BE}.Release|Any CPU.Build.0 = Release|Any CPU
	EndGlobalSection
	GlobalSection(SolutionProperties) = preSolution
		HideSolutionNode = FALSE
	EndGlobalSection
EndGlobal
